{
  "name": "chat-app",
  "version": "1.0.0",
  "lockfileVersion": 2,
  "requires": true,
  "packages": {
    "": {
      "version": "1.0.0",
      "license": "ISC",
      "dependencies": {
        "bson": "^1.1.6",
        "buffer-equal-constant-time": "^1.0.1",
        "camelcase": "^5.3.1"
      },
      "devDependencies": {}
    },
    "node_modules/bson": {
      "version": "1.1.6",
      "integrity": "sha512-EvVNVeGo4tHxwi8L6bPj3y3itEvStdwvvlojVxxbyYfoaxJ6keLgrTuKdyfEAszFK+H3olzBuafE0yoh0D1gdg==",
      "engines": {
        "node": ">=0.6.19"
      }
    },
    "node_modules/buffer-equal-constant-time": {
      "version": "1.0.1",
      "integrity": "sha1-+OcRMvf/5uAaXJaXpMbz5I1cyBk="
    },
    "node_modules/camelcase": {
      "version": "5.3.1",
      "integrity": "sha512-L28STB170nwWS63UjtlEOE3dldQApaJXZkOI1uMFfzf3rRuPegHaHesyee+YxQ+W6SvRDQV6UrdOdRiR153wJg==",
      "engines": {
        "node": ">=6"
      }
    }
  },
  "dependencies": {
    "bson": {
      "version": "1.1.6"
    },
    "buffer-equal-constant-time": {
      "version": "1.0.1"
    },
    "camelcase": {
      "version": "5.3.1"
    }
  }
}
